{
  "name": "module5",
  "lockfileVersion": 2,
  "requires": true,
  "packages": {
    "": {
      "dependencies": {
        "ng2-ckeditor": "^1.3.3"
      }
    },
    "node_modules/@angular/common": {
      "version": "11.2.6",
      "resolved": "https://registry.npmjs.org/@angular/common/-/common-11.2.6.tgz",
      "integrity": "sha512-q1yR6bktd5p987gLEKiFY4CrHcmBxks9R6GcdgzGneQsucDtGESzEKdcJ0uaMXE+9teS+fQy5GvXel6DlA/J+w==",
      "peer": true,
      "dependencies": {
        "tslib": "^2.0.0"
      },
      "peerDependencies": {
        "@angular/core": "11.2.6",
        "rxjs": "^6.5.3"
      }
    },
    "node_modules/@angular/core": {
      "version": "11.2.6",
      "resolved": "https://registry.npmjs.org/@angular/core/-/core-11.2.6.tgz",
      "integrity": "sha512-lS5JOQ/Y9gbk5WiMnCp5Zyz2pRIoZ+IWLOXHU5rkQeXy0zE3eMJhw0FfpEK+X5CeSNl2EPVSPLT0MtDtbNPodg==",
      "peer": true,
      "dependencies": {
        "tslib": "^2.0.0"
      },
      "peerDependencies": {
        "rxjs": "^6.5.3",
        "zone.js": "^0.10.2 || ^0.11.3"
      }
    },
    "node_modules/@angular/forms": {
      "version": "11.2.6",
      "resolved": "https://registry.npmjs.org/@angular/forms/-/forms-11.2.6.tgz",
      "integrity": "sha512-0xxayXCNc8lPQhDj5q/hAcG55cmDXPSBn2cxX4V+uDSGwKU1+h2CQID6gJdBJBh5wOaeMe6h8dK2s1pRgok66A==",
      "peer": true,
      "dependencies": {
        "tslib": "^2.0.0"
      },
      "peerDependencies": {
        "@angular/common": "11.2.6",
        "@angular/core": "11.2.6",
        "@angular/platform-browser": "11.2.6",
        "rxjs": "^6.5.3"
      }
    },
    "node_modules/@angular/platform-browser": {
      "version": "11.2.6",
      "resolved": "https://registry.npmjs.org/@angular/platform-browser/-/platform-browser-11.2.6.tgz",
      "integrity": "sha512-xnYpfoqWyQOUngfbHefsZMyelCSAaxpopu/WYP0gpbYh9qJiVhsN9s6zRMqOIPueq9lmvlEuGBMgaJjeD6Ei7Q==",
      "peer": true,
      "dependencies": {
        "tslib": "^2.0.0"
      },
      "peerDependencies": {
        "@angular/animations": "11.2.6",
        "@angular/common": "11.2.6",
        "@angular/core": "11.2.6"
      },
      "peerDependenciesMeta": {
        "@angular/animations": {
          "optional": true
        }
      }
    },
    "node_modules/@types/ckeditor": {
      "version": "4.9.10",
      "resolved": "https://registry.npmjs.org/@types/ckeditor/-/ckeditor-4.9.10.tgz",
      "integrity": "sha512-dcOPCXM0Cr5Z0i6eF/aW5LvECrS+cdl2Gi7lU+rEUNWby0w9Yl6mBubjrs29OVAducpuZjB4mfDayE+o4/gGdQ==",
      "peer": true
    },
    "node_modules/ng2-ckeditor": {
      "version": "1.3.3",
      "resolved": "https://registry.npmjs.org/ng2-ckeditor/-/ng2-ckeditor-1.3.3.tgz",
      "integrity": "sha512-NFLHFiz11eOmtldGHZDh8lva1kMNf+i8X1927SF7n9LOJhxCypWArSyobFyXdv/bPOMQvlyEsEoBUBQvRiwF7Q==",
      "dependencies": {
        "tslib": "^2.0.0"
      },
      "peerDependencies": {
        "@angular/common": "^11.0.4",
        "@angular/core": "^11.0.4",
        "@angular/forms": "^11.0.4",
        "@types/ckeditor": "^4.9.10"
      }
    },
    "node_modules/rxjs": {
      "version": "6.6.6",
      "resolved": "https://registry.npmjs.org/rxjs/-/rxjs-6.6.6.tgz",
      "integrity": "sha512-/oTwee4N4iWzAMAL9xdGKjkEHmIwupR3oXbQjCKywF1BeFohswF3vZdogbmEF6pZkOsXTzWkrZszrWpQTByYVg==",
      "peer": true,
      "dependencies": {
        "tslib": "^1.9.0"
      },
      "engines": {
        "npm": ">=2.0.0"
      }
    },
    "node_modules/rxjs/node_modules/tslib": {
      "version": "1.14.1",
      "resolved": "https://registry.npmjs.org/tslib/-/tslib-1.14.1.tgz",
      "integrity": "sha512-Xni35NKzjgMrwevysHTCArtLDpPvye8zV/0E4EyYn43P7/7qvQwPh9BGkHewbMulVntbigmcT7rdX3BNo9wRJg==",
      "peer": true
    },
    "node_modules/tslib": {
      "version": "2.1.0",
      "resolved": "https://registry.npmjs.org/tslib/-/tslib-2.1.0.tgz",
      "integrity": "sha512-hcVC3wYEziELGGmEEXue7D75zbwIIVUMWAVbHItGPx0ziyXxrOMQx4rQEVEV45Ut/1IotuEvwqPopzIOkDMf0A=="
    },
    "node_modules/zone.js": {
      "version": "0.11.4",
      "resolved": "https://registry.npmjs.org/zone.js/-/zone.js-0.11.4.tgz",
      "integrity": "sha512-DDh2Ab+A/B+9mJyajPjHFPWfYU1H+pdun4wnnk0OcQTNjem1XQSZ2CDW+rfZEUDjv5M19SBqAkjZi0x5wuB5Qw==",
      "peer": true,
      "dependencies": {
        "tslib": "^2.0.0"
      }
    }
  },
  "dependencies": {
    "@angular/common": {
      "version": "11.2.6",
      "resolved": "https://registry.npmjs.org/@angular/common/-/common-11.2.6.tgz",
      "integrity": "sha512-q1yR6bktd5p987gLEKiFY4CrHcmBxks9R6GcdgzGneQsucDtGESzEKdcJ0uaMXE+9teS+fQy5GvXel6DlA/J+w==",
      "peer": true,
      "requires": {
        "tslib": "^2.0.0"
      }
    },
    "@angular/core": {
      "version": "11.2.6",
      "resolved": "https://registry.npmjs.org/@angular/core/-/core-11.2.6.tgz",
      "integrity": "sha512-lS5JOQ/Y9gbk5WiMnCp5Zyz2pRIoZ+IWLOXHU5rkQeXy0zE3eMJhw0FfpEK+X5CeSNl2EPVSPLT0MtDtbNPodg==",
      "peer": true,
      "requires": {
        "tslib": "^2.0.0"
      }
    },
    "@angular/forms": {
      "version": "11.2.6",
      "resolved": "https://registry.npmjs.org/@angular/forms/-/forms-11.2.6.tgz",
      "integrity": "sha512-0xxayXCNc8lPQhDj5q/hAcG55cmDXPSBn2cxX4V+uDSGwKU1+h2CQID6gJdBJBh5wOaeMe6h8dK2s1pRgok66A==",
      "peer": true,
      "requires": {
        "tslib": "^2.0.0"
      }
    },
    "@angular/platform-browser": {
      "version": "11.2.6",
      "resolved": "https://registry.npmjs.org/@angular/platform-browser/-/platform-browser-11.2.6.tgz",
      "integrity": "sha512-xnYpfoqWyQOUngfbHefsZMyelCSAaxpopu/WYP0gpbYh9qJiVhsN9s6zRMqOIPueq9lmvlEuGBMgaJjeD6Ei7Q==",
      "peer": true,
      "requires": {
        "tslib": "^2.0.0"
      }
    },
    "@types/ckeditor": {
      "version": "4.9.10",
      "resolved": "https://registry.npmjs.org/@types/ckeditor/-/ckeditor-4.9.10.tgz",
      "integrity": "sha512-dcOPCXM0Cr5Z0i6eF/aW5LvECrS+cdl2Gi7lU+rEUNWby0w9Yl6mBubjrs29OVAducpuZjB4mfDayE+o4/gGdQ==",
      "peer": true
    },
    "ng2-ckeditor": {
      "version": "1.3.3",
      "resolved": "https://registry.npmjs.org/ng2-ckeditor/-/ng2-ckeditor-1.3.3.tgz",
      "integrity": "sha512-NFLHFiz11eOmtldGHZDh8lva1kMNf+i8X1927SF7n9LOJhxCypWArSyobFyXdv/bPOMQvlyEsEoBUBQvRiwF7Q==",
      "requires": {
        "tslib": "^2.0.0"
      }
    },
    "rxjs": {
      "version": "6.6.6",
      "resolved": "https://registry.npmjs.org/rxjs/-/rxjs-6.6.6.tgz",
      "integrity": "sha512-/oTwee4N4iWzAMAL9xdGKjkEHmIwupR3oXbQjCKywF1BeFohswF3vZdogbmEF6pZkOsXTzWkrZszrWpQTByYVg==",
      "peer": true,
      "requires": {
        "tslib": "^1.9.0"
      },
      "dependencies": {
        "tslib": {
          "version": "1.14.1",
          "resolved": "https://registry.npmjs.org/tslib/-/tslib-1.14.1.tgz",
          "integrity": "sha512-Xni35NKzjgMrwevysHTCArtLDpPvye8zV/0E4EyYn43P7/7qvQwPh9BGkHewbMulVntbigmcT7rdX3BNo9wRJg==",
          "peer": true
        }
      }
    },
    "tslib": {
      "version": "2.1.0",
      "resolved": "https://registry.npmjs.org/tslib/-/tslib-2.1.0.tgz",
      "integrity": "sha512-hcVC3wYEziELGGmEEXue7D75zbwIIVUMWAVbHItGPx0ziyXxrOMQx4rQEVEV45Ut/1IotuEvwqPopzIOkDMf0A=="
    },
    "zone.js": {
      "version": "0.11.4",
      "resolved": "https://registry.npmjs.org/zone.js/-/zone.js-0.11.4.tgz",
      "integrity": "sha512-DDh2Ab+A/B+9mJyajPjHFPWfYU1H+pdun4wnnk0OcQTNjem1XQSZ2CDW+rfZEUDjv5M19SBqAkjZi0x5wuB5Qw==",
      "peer": true,
      "requires": {
        "tslib": "^2.0.0"
      }
    }
  }
}
